
Microsoft Visual Studio Solution File, Format Version 12.00
# Visual Studio Version 17
VisualStudioVersion = 17.9.34728.123
MinimumVisualStudioVersion = 10.0.40219.1
Project("{13B669BE-BB05-4DDF-9536-439F39A36129}") = "PHPWebProject1", "PHPWebProject1.phpproj", "{C111B42C-0823-4E30-A4F1-ECBA1A597585}"
EndProject
Global
	GlobalSection(SolutionConfigurationPlatforms) = preSolution
		Debug|Any CPU = Debug|Any CPU
		Release|Any CPU = Release|Any CPU
	EndGlobalSection
	GlobalSection(ProjectConfigurationPlatforms) = postSolution
		{C111B42C-0823-4E30-A4F1-ECBA1A597585}.Debug|Any CPU.ActiveCfg = Debug|Any CPU
		{C111B42C-0823-4E30-A4F1-ECBA1A597585}.Debug|Any CPU.Build.0 = Debug|Any CPU
		{C111B42C-0823-4E30-A4F1-ECBA1A597585}.Release|Any CPU.ActiveCfg = Release|Any CPU
		{C111B42C-0823-4E30-A4F1-ECBA1A597585}.Release|Any CPU.Build.0 = Release|Any CPU
	EndGlobalSection
	GlobalSection(SolutionProperties) = preSolution
		HideSolutionNode = FALSE
	EndGlobalSection
	GlobalSection(ExtensibilityGlobals) = postSolution
		SolutionGuid = {0890CE6D-C55D-4295-9F5F-946A057EE923}
	EndGlobalSection
EndGlobal
